{
  "name": "ngx-pure-intl-tel",
  "version": "0.0.5",
  "lockfileVersion": 2,
  "requires": true,
  "packages": {
    "": {
      "name": "ngx-pure-intl-tel",
      "version": "0.0.5",
      "devDependencies": {
        "@types/google-libphonenumber": "^7.4.17"
      },
      "peerDependencies": {
        "google-libphonenumber": "^3.2.3"
      }
    },
    "node_modules/@types/google-libphonenumber": {
      "version": "7.4.23",
      "resolved": "http://verdaccio.kube.io/@types%2fgoogle-libphonenumber/-/google-libphonenumber-7.4.23.tgz",
      "integrity": "sha512-C3ydakLTQa8HxtYf9ge4q6uT9krDX8smSIxmmW3oACFi5g5vv6T068PRExF7UyWbWpuYiDG8Nm24q2X5XhcZWw==",
      "dev": true,
      "license": "MIT"
    },
    "node_modules/google-libphonenumber": {
      "version": "3.2.31",
      "resolved": "http://verdaccio.kube.io/google-libphonenumber/-/google-libphonenumber-3.2.31.tgz",
      "integrity": "sha512-l3bzAkfN4ITICKvuqEiY7JN06RxDAviOoKMtD2KfGYjGK3btPO8Xav7k0fgmf1Ud/pEm523yBh1/s/xDtKEvnw==",
      "license": "(MIT AND Apache-2.0)",
      "peer": true,
      "engines": {
        "node": ">=0.10"
      }
    }
  },
  "dependencies": {
    "@types/google-libphonenumber": {
      "version": "7.4.23",
      "resolved": "http://verdaccio.kube.io/@types%2fgoogle-libphonenumber/-/google-libphonenumber-7.4.23.tgz",
      "integrity": "sha512-C3ydakLTQa8HxtYf9ge4q6uT9krDX8smSIxmmW3oACFi5g5vv6T068PRExF7UyWbWpuYiDG8Nm24q2X5XhcZWw==",
      "dev": true
    },
    "google-libphonenumber": {
      "version": "3.2.31",
      "resolved": "http://verdaccio.kube.io/google-libphonenumber/-/google-libphonenumber-3.2.31.tgz",
      "integrity": "sha512-l3bzAkfN4ITICKvuqEiY7JN06RxDAviOoKMtD2KfGYjGK3btPO8Xav7k0fgmf1Ud/pEm523yBh1/s/xDtKEvnw==",
      "peer": true
    }
  }
}
